// !$*UTF8*$!
{
	archiveVersion = 1;
	classes = {
	};
	objectVersion = 52;
	objects = {

/* Begin PBXBuildFile section */
		05D1E5D4D41A7703D3E236AF /* AppDelegate.swift in Sources */ = {isa = PBXBuildFile; fileRef = 854F88C8957DE5B1B54F8A38 /* AppDelegate.swift */; };
		0814B1E7A5F4EC13A18D4CF4 /* splash_animation.json in Resources */ = {isa = PBXBuildFile; fileRef = F5AC5574A0C0871B7CB841CE /* splash_animation.json */; };
		0FD427A755682C1DA3A7CAC4 /* OverpassMono-Regular.ttf in Resources */ = {isa = PBXBuildFile; fileRef = BD45497780E5D59ABA82F6D0 /* OverpassMono-Regular.ttf */; };
		17CA9888B227F2261FF7BDA2 /* SnapKit in Frameworks */ = {isa = PBXBuildFile; productRef = 211060474BB1E66333EA8CBA /* SnapKit */; };
		2AB38F9DACC49DF3689820F4 /* BaseViewController.swift in Sources */ = {isa = PBXBuildFile; fileRef = D92D07C14DB3AE82FB500A6E /* BaseViewController.swift */; };
		40301C43DBB5366CB0E635EC /* UIImage+Extension.swift in Sources */ = {isa = PBXBuildFile; fileRef = F32BDCA9DFEAD49159F38BCF /* UIImage+Extension.swift */; };
		42BDD927BC4464A9BCB74A8A /* UploadScreenshotOperation.swift in Sources */ = {isa = PBXBuildFile; fileRef = 681C2991BEB749D8CD9C6877 /* UploadScreenshotOperation.swift */; };
		4D01EEA3C39A30D8DF3683CA /* DataExtensions.swift in Sources */ = {isa = PBXBuildFile; fileRef = F3C60D3C8F60E2E271E89C44 /* DataExtensions.swift */; };
		5990EB519D81AAA3338AA099 /* Fonts+AssApp.swift in Sources */ = {isa = PBXBuildFile; fileRef = DC959EB48296244EAECF2C3E /* Fonts+AssApp.swift */; };
		5F9D52407A375E6947467A42 /* UIFont+Extension.swift in Sources */ = {isa = PBXBuildFile; fileRef = A0D8A482F06E10111D58C60E /* UIFont+Extension.swift */; };
		6047A36921AA492B970A125D /* ACKategories in Frameworks */ = {isa = PBXBuildFile; productRef = 9906154C0528632D84662A86 /* ACKategories */; };
		61420D85C7818A4C44FEE395 /* Bundle+AssApp.swift in Sources */ = {isa = PBXBuildFile; fileRef = FEE67DC482383E7EAA58C335 /* Bundle+AssApp.swift */; };
		65C21C1649E3D6DC47919B6A /* AssCore.framework in Frameworks */ = {isa = PBXBuildFile; fileRef = EDEC8DE794B2FA9B375B28B5 /* AssCore.framework */; };
		6BEC5C9484398B3CB9F96B16 /* Assets+AssApp.swift in Sources */ = {isa = PBXBuildFile; fileRef = 0CF18D109761888D4A146F79 /* Assets+AssApp.swift */; };
		713A0F1FB4A65955339C4112 /* BaseViewModel.swift in Sources */ = {isa = PBXBuildFile; fileRef = C13C12E2A220D5BCC8330733 /* BaseViewModel.swift */; };
		759E5E456514E304D7A20221 /* PHAsset.swift in Sources */ = {isa = PBXBuildFile; fileRef = B8678484D72497BCB06FFFBB /* PHAsset.swift */; };
		7914C1C252F375AAE341A72E /* ScreenshotViewController.swift in Sources */ = {isa = PBXBuildFile; fileRef = 769581B93350492E1F152AF6 /* ScreenshotViewController.swift */; };
		7A3C87801EF1FA9100A80D35 /* ScreenshotViewModel.swift in Sources */ = {isa = PBXBuildFile; fileRef = FE3D43F825FCE32A551E2D3B /* ScreenshotViewModel.swift */; };
		7A4BCB81F678133E644B3526 /* AppDependency.swift in Sources */ = {isa = PBXBuildFile; fileRef = 977B8958D1F0AEB07A2C83A0 /* AppDependency.swift */; };
		88AA70F3FC9963C52013E91F /* Action.swift in Sources */ = {isa = PBXBuildFile; fileRef = B9180D60FD81003F2F2A0398 /* Action.swift */; };
		88CADF90C1B09A41A5DB5299 /* GoogleService-Info.plist in Resources */ = {isa = PBXBuildFile; fileRef = 9F6A7C4CEDB7E8BB01E34B21 /* GoogleService-Info.plist */; };
		8F70C5CD57C498BE2D063914 /* EmptyViewController.swift in Sources */ = {isa = PBXBuildFile; fileRef = F09906C82D511804B8A96C10 /* EmptyViewController.swift */; };
		9542BF700DB83700A37A5298 /* URLRequestOperation.swift in Sources */ = {isa = PBXBuildFile; fileRef = 3BAEE30CFCB747F9D3DBCD14 /* URLRequestOperation.swift */; };
		99489BFF18A7DD31F519B576 /* Settings.bundle in Resources */ = {isa = PBXBuildFile; fileRef = 1F9FB0076F475603CD8E218C /* Settings.bundle */; };
		A00F70F6AC9A1DFC8D750CFD /* ScreenshotAPIService.swift in Sources */ = {isa = PBXBuildFile; fileRef = D08EB206AB72CE1AC2D91B32 /* ScreenshotAPIService.swift */; };
		AE8CA81E3A785902DBE50CD7 /* NoteView.swift in Sources */ = {isa = PBXBuildFile; fileRef = D6336D62E6E0E3C85B4CED32 /* NoteView.swift */; };
		B73EFE7506DACB3D290EE6AF /* InfoView.swift in Sources */ = {isa = PBXBuildFile; fileRef = 6D292F2BB6900FE411630D6F /* InfoView.swift */; };
		BBFCDA9F6154408A1AFB4EF2 /* AssCore.framework in Embed Frameworks */ = {isa = PBXBuildFile; fileRef = EDEC8DE794B2FA9B375B28B5 /* AssCore.framework */; settings = {ATTRIBUTES = (CodeSignOnCopy, RemoveHeadersOnCopy, ); }; };
		CC44B451FCF15D5CAE2A8D14 /* LoadingButton.swift in Sources */ = {isa = PBXBuildFile; fileRef = 2B6A8B3FCA9A87ABCE44F3B7 /* LoadingButton.swift */; };
		CCF3E3AD7988DF92058C538B /* SplashScreen.swift in Sources */ = {isa = PBXBuildFile; fileRef = 9A6F2AD86D8DAD9D4178BB93 /* SplashScreen.swift */; };
		D38C1220BD365EF624A1C056 /* GoogleServiceInfo.swift in Sources */ = {isa = PBXBuildFile; fileRef = 4C0912991843225CB4D505EA /* GoogleServiceInfo.swift */; };
		D4EFC75C8CE02FF7F782AB8B /* Lottie in Frameworks */ = {isa = PBXBuildFile; productRef = 757C0383D5B54E2D412DED02 /* Lottie */; };
		D807443D6071B960A900ACD4 /* Assets.xcassets in Resources */ = {isa = PBXBuildFile; fileRef = 664905833E53130ACDB24D7B /* Assets.xcassets */; };
		E0F2A2A5BE14DBC2C113D442 /* FirebaseCrashlytics in Frameworks */ = {isa = PBXBuildFile; productRef = B5DBFE9A1D9E30E0D0C91C46 /* FirebaseCrashlytics */; };
/* End PBXBuildFile section */

/* Begin PBXContainerItemProxy section */
		7B938A4B062746D715337E06 /* PBXContainerItemProxy */ = {
			isa = PBXContainerItemProxy;
			containerPortal = 1F069E2202FEF2E752F2AEC0 /* Project object */;
			proxyType = 1;
			remoteGlobalIDString = 6FC91BBD8213A878625C54E4;
			remoteInfo = AssApp;
		};
/* End PBXContainerItemProxy section */

/* Begin PBXCopyFilesBuildPhase section */
		402790226A5B8E5DA7A2DE59 /* Embed Frameworks */ = {
			isa = PBXCopyFilesBuildPhase;
			buildActionMask = 2147483647;
			dstPath = "";
			dstSubfolderSpec = 10;
			files = (
				BBFCDA9F6154408A1AFB4EF2 /* AssCore.framework in Embed Frameworks */,
			);
			name = "Embed Frameworks";
			runOnlyForDeploymentPostprocessing = 0;
		};
		9B36ED2F70528B8341EA9AA5 /* Embed Frameworks */ = {
			isa = PBXCopyFilesBuildPhase;
			buildActionMask = 2147483647;
			dstPath = "";
			dstSubfolderSpec = 10;
			files = (
			);
			name = "Embed Frameworks";
			runOnlyForDeploymentPostprocessing = 0;
		};
/* End PBXCopyFilesBuildPhase section */

/* Begin PBXFileReference section */
		0CF18D109761888D4A146F79 /* Assets+AssApp.swift */ = {isa = PBXFileReference; lastKnownFileType = sourcecode.swift; path = "Assets+AssApp.swift"; sourceTree = "<group>"; };
		1F9FB0076F475603CD8E218C /* Settings.bundle */ = {isa = PBXFileReference; lastKnownFileType = wrapper.cfbundle; path = Settings.bundle; sourceTree = "<group>"; };
		2B6A8B3FCA9A87ABCE44F3B7 /* LoadingButton.swift */ = {isa = PBXFileReference; lastKnownFileType = sourcecode.swift; path = LoadingButton.swift; sourceTree = "<group>"; };
		3BAEE30CFCB747F9D3DBCD14 /* URLRequestOperation.swift */ = {isa = PBXFileReference; lastKnownFileType = sourcecode.swift; path = URLRequestOperation.swift; sourceTree = "<group>"; };
		3C32122735706852364E1B9D /* AssApp.app */ = {isa = PBXFileReference; explicitFileType = wrapper.application; includeInIndex = 0; path = AssApp.app; sourceTree = BUILT_PRODUCTS_DIR; };
		4C0912991843225CB4D505EA /* GoogleServiceInfo.swift */ = {isa = PBXFileReference; lastKnownFileType = sourcecode.swift; path = GoogleServiceInfo.swift; sourceTree = "<group>"; };
		6019068D4E3E38AB8057E5DF /* AssAppTests.plist */ = {isa = PBXFileReference; lastKnownFileType = text.plist; path = AssAppTests.plist; sourceTree = "<group>"; };
		664905833E53130ACDB24D7B /* Assets.xcassets */ = {isa = PBXFileReference; lastKnownFileType = folder.assetcatalog; path = Assets.xcassets; sourceTree = "<group>"; };
		681C2991BEB749D8CD9C6877 /* UploadScreenshotOperation.swift */ = {isa = PBXFileReference; lastKnownFileType = sourcecode.swift; path = UploadScreenshotOperation.swift; sourceTree = "<group>"; };
		6D292F2BB6900FE411630D6F /* InfoView.swift */ = {isa = PBXFileReference; lastKnownFileType = sourcecode.swift; path = InfoView.swift; sourceTree = "<group>"; };
		769581B93350492E1F152AF6 /* ScreenshotViewController.swift */ = {isa = PBXFileReference; lastKnownFileType = sourcecode.swift; path = ScreenshotViewController.swift; sourceTree = "<group>"; };
		803F7F31DECAEF3AB709380F /* AssAppTests.xctest */ = {isa = PBXFileReference; explicitFileType = wrapper.cfbundle; includeInIndex = 0; path = AssAppTests.xctest; sourceTree = BUILT_PRODUCTS_DIR; };
		854F88C8957DE5B1B54F8A38 /* AppDelegate.swift */ = {isa = PBXFileReference; lastKnownFileType = sourcecode.swift; path = AppDelegate.swift; sourceTree = "<group>"; };
		977B8958D1F0AEB07A2C83A0 /* AppDependency.swift */ = {isa = PBXFileReference; lastKnownFileType = sourcecode.swift; path = AppDependency.swift; sourceTree = "<group>"; };
		9A6F2AD86D8DAD9D4178BB93 /* SplashScreen.swift */ = {isa = PBXFileReference; lastKnownFileType = sourcecode.swift; path = SplashScreen.swift; sourceTree = "<group>"; };
		9F6A7C4CEDB7E8BB01E34B21 /* GoogleService-Info.plist */ = {isa = PBXFileReference; lastKnownFileType = text.plist; path = "GoogleService-Info.plist"; sourceTree = "<group>"; };
		A0D8A482F06E10111D58C60E /* UIFont+Extension.swift */ = {isa = PBXFileReference; lastKnownFileType = sourcecode.swift; path = "UIFont+Extension.swift"; sourceTree = "<group>"; };
		B8678484D72497BCB06FFFBB /* PHAsset.swift */ = {isa = PBXFileReference; lastKnownFileType = sourcecode.swift; path = PHAsset.swift; sourceTree = "<group>"; };
		B9180D60FD81003F2F2A0398 /* Action.swift */ = {isa = PBXFileReference; lastKnownFileType = sourcecode.swift; path = Action.swift; sourceTree = "<group>"; };
		BD45497780E5D59ABA82F6D0 /* OverpassMono-Regular.ttf */ = {isa = PBXFileReference; lastKnownFileType = file; path = "OverpassMono-Regular.ttf"; sourceTree = "<group>"; };
		C13C12E2A220D5BCC8330733 /* BaseViewModel.swift */ = {isa = PBXFileReference; lastKnownFileType = sourcecode.swift; path = BaseViewModel.swift; sourceTree = "<group>"; };
		D08EB206AB72CE1AC2D91B32 /* ScreenshotAPIService.swift */ = {isa = PBXFileReference; lastKnownFileType = sourcecode.swift; path = ScreenshotAPIService.swift; sourceTree = "<group>"; };
		D6336D62E6E0E3C85B4CED32 /* NoteView.swift */ = {isa = PBXFileReference; lastKnownFileType = sourcecode.swift; path = NoteView.swift; sourceTree = "<group>"; };
		D92D07C14DB3AE82FB500A6E /* BaseViewController.swift */ = {isa = PBXFileReference; lastKnownFileType = sourcecode.swift; path = BaseViewController.swift; sourceTree = "<group>"; };
		DC959EB48296244EAECF2C3E /* Fonts+AssApp.swift */ = {isa = PBXFileReference; lastKnownFileType = sourcecode.swift; path = "Fonts+AssApp.swift"; sourceTree = "<group>"; };
		DEB2D758068B52740C9B715E /* AssApp.plist */ = {isa = PBXFileReference; lastKnownFileType = text.plist; path = AssApp.plist; sourceTree = "<group>"; };
		EDEC8DE794B2FA9B375B28B5 /* AssCore.framework */ = {isa = PBXFileReference; explicitFileType = wrapper.framework; includeInIndex = 0; path = AssCore.framework; sourceTree = BUILT_PRODUCTS_DIR; };
		F09906C82D511804B8A96C10 /* EmptyViewController.swift */ = {isa = PBXFileReference; lastKnownFileType = sourcecode.swift; path = EmptyViewController.swift; sourceTree = "<group>"; };
		F32BDCA9DFEAD49159F38BCF /* UIImage+Extension.swift */ = {isa = PBXFileReference; lastKnownFileType = sourcecode.swift; path = "UIImage+Extension.swift"; sourceTree = "<group>"; };
		F3C60D3C8F60E2E271E89C44 /* DataExtensions.swift */ = {isa = PBXFileReference; lastKnownFileType = sourcecode.swift; path = DataExtensions.swift; sourceTree = "<group>"; };
		F5AC5574A0C0871B7CB841CE /* splash_animation.json */ = {isa = PBXFileReference; lastKnownFileType = text.json; path = splash_animation.json; sourceTree = "<group>"; };
		FE3D43F825FCE32A551E2D3B /* ScreenshotViewModel.swift */ = {isa = PBXFileReference; lastKnownFileType = sourcecode.swift; path = ScreenshotViewModel.swift; sourceTree = "<group>"; };
		FEE67DC482383E7EAA58C335 /* Bundle+AssApp.swift */ = {isa = PBXFileReference; lastKnownFileType = sourcecode.swift; path = "Bundle+AssApp.swift"; sourceTree = "<group>"; };
/* End PBXFileReference section */

/* Begin PBXFrameworksBuildPhase section */
		4CF3121A0919A656FB8D26EA /* Frameworks */ = {
			isa = PBXFrameworksBuildPhase;
			buildActionMask = 2147483647;
			files = (
				65C21C1649E3D6DC47919B6A /* AssCore.framework in Frameworks */,
				E0F2A2A5BE14DBC2C113D442 /* FirebaseCrashlytics in Frameworks */,
				6047A36921AA492B970A125D /* ACKategories in Frameworks */,
				17CA9888B227F2261FF7BDA2 /* SnapKit in Frameworks */,
				D4EFC75C8CE02FF7F782AB8B /* Lottie in Frameworks */,
			);
			runOnlyForDeploymentPostprocessing = 0;
		};
		7C453064460A58207144A693 /* Frameworks */ = {
			isa = PBXFrameworksBuildPhase;
			buildActionMask = 2147483647;
			files = (
			);
			runOnlyForDeploymentPostprocessing = 0;
		};
/* End PBXFrameworksBuildPhase section */

/* Begin PBXGroup section */
		09F5BD7AC5BC1A3ADD06677A /* Sources */ = {
			isa = PBXGroup;
			children = (
				0CF18D109761888D4A146F79 /* Assets+AssApp.swift */,
				FEE67DC482383E7EAA58C335 /* Bundle+AssApp.swift */,
				DC959EB48296244EAECF2C3E /* Fonts+AssApp.swift */,
				4C0912991843225CB4D505EA /* GoogleServiceInfo.swift */,
			);
			path = Sources;
			sourceTree = "<group>";
		};
		1F79316A3120089B78BC7140 /* Screenshot */ = {
			isa = PBXGroup;
			children = (
				769581B93350492E1F152AF6 /* ScreenshotViewController.swift */,
				FE3D43F825FCE32A551E2D3B /* ScreenshotViewModel.swift */,
			);
			path = Screenshot;
			sourceTree = "<group>";
		};
		4B9D06946AF9487357D428AE /* Derived */ = {
			isa = PBXGroup;
			children = (
				F79F711D37D22BB608149197 /* InfoPlists */,
				09F5BD7AC5BC1A3ADD06677A /* Sources */,
			);
			path = Derived;
			sourceTree = "<group>";
		};
		530E877E3ACFA0E19B69809D /* Development */ = {
			isa = PBXGroup;
			children = (
				9F6A7C4CEDB7E8BB01E34B21 /* GoogleService-Info.plist */,
			);
			path = Development;
			sourceTree = "<group>";
		};
		54C99A72091569968DD5F745 /* DI */ = {
			isa = PBXGroup;
			children = (
				977B8958D1F0AEB07A2C83A0 /* AppDependency.swift */,
			);
			path = DI;
			sourceTree = "<group>";
		};
		5E3DAB1CF46AC2AEF18BAAED /* Views */ = {
			isa = PBXGroup;
			children = (
				F09906C82D511804B8A96C10 /* EmptyViewController.swift */,
				6D292F2BB6900FE411630D6F /* InfoView.swift */,
				2B6A8B3FCA9A87ABCE44F3B7 /* LoadingButton.swift */,
				D6336D62E6E0E3C85B4CED32 /* NoteView.swift */,
				9A6F2AD86D8DAD9D4178BB93 /* SplashScreen.swift */,
			);
			path = Views;
			sourceTree = "<group>";
		};
		7A58C18F24FCDDD224CAD4C1 /* Products */ = {
			isa = PBXGroup;
			children = (
				3C32122735706852364E1B9D /* AssApp.app */,
				803F7F31DECAEF3AB709380F /* AssAppTests.xctest */,
				EDEC8DE794B2FA9B375B28B5 /* AssCore.framework */,
			);
			name = Products;
			sourceTree = "<group>";
		};
		81ED85B12C9987EA9F4A7853 /* Extensions */ = {
			isa = PBXGroup;
			children = (
				F3C60D3C8F60E2E271E89C44 /* DataExtensions.swift */,
				B8678484D72497BCB06FFFBB /* PHAsset.swift */,
				A0D8A482F06E10111D58C60E /* UIFont+Extension.swift */,
				F32BDCA9DFEAD49159F38BCF /* UIImage+Extension.swift */,
			);
			path = Extensions;
			sourceTree = "<group>";
		};
		8DEFB458C81D428B6321599A = {
			isa = PBXGroup;
			children = (
				F62673AA7788701FD9A52094 /* Project */,
				B144A997F5078960294FAC3A /* Frameworks */,
				7A58C18F24FCDDD224CAD4C1 /* Products */,
			);
			sourceTree = "<group>";
		};
		93E592F89880687A21DB1C81 /* Screens */ = {
			isa = PBXGroup;
			children = (
				1F79316A3120089B78BC7140 /* Screenshot */,
			);
			path = Screens;
			sourceTree = "<group>";
		};
		AAA479E31FED00F2445E5FB3 /* Resources */ = {
			isa = PBXGroup;
			children = (
				B304D5754EAC405DE126DCC9 /* Animation */,
				664905833E53130ACDB24D7B /* Assets.xcassets */,
				BD45497780E5D59ABA82F6D0 /* OverpassMono-Regular.ttf */,
				1F9FB0076F475603CD8E218C /* Settings.bundle */,
			);
			path = Resources;
			sourceTree = "<group>";
		};
		B144A997F5078960294FAC3A /* Frameworks */ = {
			isa = PBXGroup;
			children = (
			);
			name = Frameworks;
			sourceTree = "<group>";
		};
		B304D5754EAC405DE126DCC9 /* Animation */ = {
			isa = PBXGroup;
			children = (
				F5AC5574A0C0871B7CB841CE /* splash_animation.json */,
			);
			path = Animation;
			sourceTree = "<group>";
		};
		C0EB68DACB6B89169DA787CE /* Services */ = {
			isa = PBXGroup;
			children = (
				D08EB206AB72CE1AC2D91B32 /* ScreenshotAPIService.swift */,
			);
			path = Services;
			sourceTree = "<group>";
		};
		CB21DBB85636C5927207EC85 /* Base */ = {
			isa = PBXGroup;
			children = (
				D92D07C14DB3AE82FB500A6E /* BaseViewController.swift */,
				C13C12E2A220D5BCC8330733 /* BaseViewModel.swift */,
			);
			path = Base;
			sourceTree = "<group>";
		};
		F62673AA7788701FD9A52094 /* Project */ = {
			isa = PBXGroup;
			children = (
				FDC2C0A204F9324281BEC4AF /* AssApp */,
				4B9D06946AF9487357D428AE /* Derived */,
			);
			name = Project;
			sourceTree = "<group>";
		};
		F79F711D37D22BB608149197 /* InfoPlists */ = {
			isa = PBXGroup;
			children = (
				DEB2D758068B52740C9B715E /* AssApp.plist */,
				6019068D4E3E38AB8057E5DF /* AssAppTests.plist */,
			);
			path = InfoPlists;
			sourceTree = "<group>";
		};
		FA633084E68DC5B3DB335D85 /* Operations */ = {
			isa = PBXGroup;
			children = (
				B9180D60FD81003F2F2A0398 /* Action.swift */,
				681C2991BEB749D8CD9C6877 /* UploadScreenshotOperation.swift */,
				3BAEE30CFCB747F9D3DBCD14 /* URLRequestOperation.swift */,
			);
			path = Operations;
			sourceTree = "<group>";
		};
		FB39BFECD7726D7B833D1420 /* Environment */ = {
			isa = PBXGroup;
			children = (
				530E877E3ACFA0E19B69809D /* Development */,
			);
			path = Environment;
			sourceTree = "<group>";
		};
		FDC2C0A204F9324281BEC4AF /* AssApp */ = {
			isa = PBXGroup;
			children = (
				CB21DBB85636C5927207EC85 /* Base */,
				54C99A72091569968DD5F745 /* DI */,
				FB39BFECD7726D7B833D1420 /* Environment */,
				81ED85B12C9987EA9F4A7853 /* Extensions */,
				FA633084E68DC5B3DB335D85 /* Operations */,
				AAA479E31FED00F2445E5FB3 /* Resources */,
				93E592F89880687A21DB1C81 /* Screens */,
				C0EB68DACB6B89169DA787CE /* Services */,
				5E3DAB1CF46AC2AEF18BAAED /* Views */,
				854F88C8957DE5B1B54F8A38 /* AppDelegate.swift */,
			);
			path = AssApp;
			sourceTree = "<group>";
		};
/* End PBXGroup section */

/* Begin PBXNativeTarget section */
		4B1F05FA68566B716BCBD2E4 /* AssAppTests */ = {
			isa = PBXNativeTarget;
			buildConfigurationList = 9DB9EA50F0F17CEA7BFBF11B /* Build configuration list for PBXNativeTarget "AssAppTests" */;
			buildPhases = (
				92EFFB32D6CA428C15BDD477 /* Sources */,
				AFE6092C6E27362218716211 /* Resources */,
				CA68AF47383697793DF4F025 /* Embed Precompiled Frameworks */,
				9B36ED2F70528B8341EA9AA5 /* Embed Frameworks */,
				7C453064460A58207144A693 /* Frameworks */,
			);
			buildRules = (
			);
			dependencies = (
				465376BBD3995A8346F2CA22 /* PBXTargetDependency */,
			);
			name = AssAppTests;
			productName = AssAppTests;
			productReference = 803F7F31DECAEF3AB709380F /* AssAppTests.xctest */;
			productType = "com.apple.product-type.bundle.unit-test";
		};
		6FC91BBD8213A878625C54E4 /* AssApp */ = {
			isa = PBXNativeTarget;
			buildConfigurationList = 88B22763EE13A4E9EFD1BA1A /* Build configuration list for PBXNativeTarget "AssApp" */;
			buildPhases = (
				BBA7CA1E873D51F76A0C3D88 /* Sources */,
				B7D3362E730AACFF7AA318E7 /* Resources */,
				586C8D6AEE33F3836679FD93 /* Embed Precompiled Frameworks */,
				402790226A5B8E5DA7A2DE59 /* Embed Frameworks */,
				4CF3121A0919A656FB8D26EA /* Frameworks */,
				3B2F2701595BC6A5C8213941 /* Run Crashlytics upload dSYM */,
			);
			buildRules = (
			);
			dependencies = (
			);
			name = AssApp;
			packageProductDependencies = (
				B5DBFE9A1D9E30E0D0C91C46 /* FirebaseCrashlytics */,
				9906154C0528632D84662A86 /* ACKategories */,
				211060474BB1E66333EA8CBA /* SnapKit */,
				757C0383D5B54E2D412DED02 /* Lottie */,
			);
			productName = AssApp;
			productReference = 3C32122735706852364E1B9D /* AssApp.app */;
			productType = "com.apple.product-type.application";
		};
/* End PBXNativeTarget section */

/* Begin PBXProject section */
		1F069E2202FEF2E752F2AEC0 /* Project object */ = {
			isa = PBXProject;
			attributes = {
				ORGANIZATIONNAME = "Ackee, s. r. o.";
				TargetAttributes = {
					4B1F05FA68566B716BCBD2E4 = {
						TestTargetID = 6FC91BBD8213A878625C54E4;
					};
				};
			};
			buildConfigurationList = 304E505B4B2114D4DD7E59D9 /* Build configuration list for PBXProject "Ass" */;
			compatibilityVersion = "Xcode 9.3";
			developmentRegion = en;
			hasScannedForEncodings = 0;
			knownRegions = (
				Base,
				en,
			);
			mainGroup = 8DEFB458C81D428B6321599A;
			packageReferences = (
				3C04C51A43D699AAF89A2A6E /* XCRemoteSwiftPackageReference "ACKategories" */,
				258DA62AD95D005A96B4E71E /* XCRemoteSwiftPackageReference "SnapKit" */,
				D3300CD7E82FCAB7D5079544 /* XCRemoteSwiftPackageReference "lottie-ios" */,
				888456D50D08CC3AF5D721D5 /* XCRemoteSwiftPackageReference "firebase-ios-sdk" */,
			);
			productRefGroup = 7A58C18F24FCDDD224CAD4C1 /* Products */;
			projectDirPath = "";
			projectRoot = "";
			targets = (
				6FC91BBD8213A878625C54E4 /* AssApp */,
				4B1F05FA68566B716BCBD2E4 /* AssAppTests */,
			);
		};
/* End PBXProject section */

/* Begin PBXResourcesBuildPhase section */
		AFE6092C6E27362218716211 /* Resources */ = {
			isa = PBXResourcesBuildPhase;
			buildActionMask = 2147483647;
			files = (
			);
			runOnlyForDeploymentPostprocessing = 0;
		};
		B7D3362E730AACFF7AA318E7 /* Resources */ = {
			isa = PBXResourcesBuildPhase;
			buildActionMask = 2147483647;
			files = (
				88CADF90C1B09A41A5DB5299 /* GoogleService-Info.plist in Resources */,
				0814B1E7A5F4EC13A18D4CF4 /* splash_animation.json in Resources */,
				D807443D6071B960A900ACD4 /* Assets.xcassets in Resources */,
				0FD427A755682C1DA3A7CAC4 /* OverpassMono-Regular.ttf in Resources */,
				99489BFF18A7DD31F519B576 /* Settings.bundle in Resources */,
			);
			runOnlyForDeploymentPostprocessing = 0;
		};
/* End PBXResourcesBuildPhase section */

/* Begin PBXShellScriptBuildPhase section */
		3B2F2701595BC6A5C8213941 /* Run Crashlytics upload dSYM */ = {
			isa = PBXShellScriptBuildPhase;
			buildActionMask = 2147483647;
			files = (
			);
			inputFileListPaths = (
			);
			inputPaths = (
				"${DWARF_DSYM_FOLDER_PATH}/${DWARF_DSYM_FILE_NAME}/Contents/Resources/DWARF/${TARGET_NAME}",
				"$(SRCROOT)/$(BUILT_PRODUCTS_DIR)/$(INFOPLIST_PATH)",
			);
			name = "Run Crashlytics upload dSYM";
			outputFileListPaths = (
			);
			outputPaths = (
			);
			runOnlyForDeploymentPostprocessing = 0;
			shellPath = /bin/sh;
			shellScript = "\"$SRCROOT\"/BuildPhases/Crashlytics.sh ";
		};
		586C8D6AEE33F3836679FD93 /* Embed Precompiled Frameworks */ = {
			isa = PBXShellScriptBuildPhase;
			buildActionMask = 2147483647;
			files = (
			);
			inputPaths = (
			);
			name = "Embed Precompiled Frameworks";
			outputPaths = (
			);
			runOnlyForDeploymentPostprocessing = 0;
			shellPath = /bin/sh;
			shellScript = "echo \"Skipping, nothing to be embedded.\"";
		};
		CA68AF47383697793DF4F025 /* Embed Precompiled Frameworks */ = {
			isa = PBXShellScriptBuildPhase;
			buildActionMask = 2147483647;
			files = (
			);
			inputPaths = (
			);
			name = "Embed Precompiled Frameworks";
			outputPaths = (
			);
			runOnlyForDeploymentPostprocessing = 0;
			shellPath = /bin/sh;
			shellScript = "echo \"Skipping, nothing to be embedded.\"";
		};
/* End PBXShellScriptBuildPhase section */

/* Begin PBXSourcesBuildPhase section */
		92EFFB32D6CA428C15BDD477 /* Sources */ = {
			isa = PBXSourcesBuildPhase;
			buildActionMask = 2147483647;
			files = (
			);
			runOnlyForDeploymentPostprocessing = 0;
		};
		BBA7CA1E873D51F76A0C3D88 /* Sources */ = {
			isa = PBXSourcesBuildPhase;
			buildActionMask = 2147483647;
			files = (
				05D1E5D4D41A7703D3E236AF /* AppDelegate.swift in Sources */,
				2AB38F9DACC49DF3689820F4 /* BaseViewController.swift in Sources */,
				713A0F1FB4A65955339C4112 /* BaseViewModel.swift in Sources */,
				7A4BCB81F678133E644B3526 /* AppDependency.swift in Sources */,
				4D01EEA3C39A30D8DF3683CA /* DataExtensions.swift in Sources */,
				759E5E456514E304D7A20221 /* PHAsset.swift in Sources */,
				5F9D52407A375E6947467A42 /* UIFont+Extension.swift in Sources */,
				40301C43DBB5366CB0E635EC /* UIImage+Extension.swift in Sources */,
				88AA70F3FC9963C52013E91F /* Action.swift in Sources */,
				9542BF700DB83700A37A5298 /* URLRequestOperation.swift in Sources */,
				42BDD927BC4464A9BCB74A8A /* UploadScreenshotOperation.swift in Sources */,
				7914C1C252F375AAE341A72E /* ScreenshotViewController.swift in Sources */,
				7A3C87801EF1FA9100A80D35 /* ScreenshotViewModel.swift in Sources */,
				A00F70F6AC9A1DFC8D750CFD /* ScreenshotAPIService.swift in Sources */,
				8F70C5CD57C498BE2D063914 /* EmptyViewController.swift in Sources */,
				B73EFE7506DACB3D290EE6AF /* InfoView.swift in Sources */,
				CC44B451FCF15D5CAE2A8D14 /* LoadingButton.swift in Sources */,
				AE8CA81E3A785902DBE50CD7 /* NoteView.swift in Sources */,
				CCF3E3AD7988DF92058C538B /* SplashScreen.swift in Sources */,
				6BEC5C9484398B3CB9F96B16 /* Assets+AssApp.swift in Sources */,
				61420D85C7818A4C44FEE395 /* Bundle+AssApp.swift in Sources */,
				5990EB519D81AAA3338AA099 /* Fonts+AssApp.swift in Sources */,
				D38C1220BD365EF624A1C056 /* GoogleServiceInfo.swift in Sources */,
			);
			runOnlyForDeploymentPostprocessing = 0;
		};
/* End PBXSourcesBuildPhase section */

/* Begin PBXTargetDependency section */
		465376BBD3995A8346F2CA22 /* PBXTargetDependency */ = {
			isa = PBXTargetDependency;
			name = AssApp;
			target = 6FC91BBD8213A878625C54E4 /* AssApp */;
			targetProxy = 7B938A4B062746D715337E06 /* PBXContainerItemProxy */;
		};
/* End PBXTargetDependency section */

/* Begin XCBuildConfiguration section */
		490FC397D1FE9D23C20C9E6A /* Release */ = {
			isa = XCBuildConfiguration;
			buildSettings = {
				ACK_APPNAME = ASS;
				ACK_PROJECT_VERSION = 0.1.0;
				CODE_SIGN_IDENTITY = "iPhone Distribution";
				CODE_SIGN_STYLE = Manual;
				DEVELOPMENT_TEAM = PXDF48X6VX;
				INFOPLIST_FILE = Derived/InfoPlists/AssApp.plist;
				IPHONEOS_DEPLOYMENT_TARGET = 10.0;
				LD_RUNPATH_SEARCH_PATHS = (
					"$(inherited)",
					"@executable_path/Frameworks",
				);
				OTHER_LDFLAGS = "$(inherited) -ObjC";
				PRODUCT_BUNDLE_IDENTIFIER = cz.ackee.enterprise.ass;
				PRODUCT_NAME = AssApp;
				PROVISIONING_PROFILE_SPECIFIER = "match InHouse cz.ackee.enterprise.ass";
				SDKROOT = iphoneos;
				SUPPORTED_PLATFORMS = "iphonesimulator iphoneos";
				SWIFT_OPTIMIZATION_LEVEL = "-Owholemodule";
				SWIFT_VERSION = 5.4.2;
				TARGETED_DEVICE_FAMILY = "1,2";
			};
			name = Release;
		};
		9CB5FB496001C36D38EAC7CA /* Debug */ = {
			isa = XCBuildConfiguration;
			buildSettings = {
				ALWAYS_SEARCH_USER_PATHS = NO;
				CLANG_ANALYZER_LOCALIZABILITY_NONLOCALIZED = YES;
				CLANG_ANALYZER_NONNULL = YES;
				CLANG_ANALYZER_NUMBER_OBJECT_CONVERSION = YES_AGGRESSIVE;
				CLANG_CXX_LANGUAGE_STANDARD = "gnu++14";
				CLANG_CXX_LIBRARY = "libc++";
				CLANG_ENABLE_MODULES = YES;
				CLANG_ENABLE_OBJC_ARC = YES;
				CLANG_ENABLE_OBJC_WEAK = YES;
				CLANG_WARN_BLOCK_CAPTURE_AUTORELEASING = YES;
				CLANG_WARN_BOOL_CONVERSION = YES;
				CLANG_WARN_COMMA = YES;
				CLANG_WARN_CONSTANT_CONVERSION = YES;
				CLANG_WARN_DEPRECATED_OBJC_IMPLEMENTATIONS = YES;
				CLANG_WARN_DIRECT_OBJC_ISA_USAGE = YES_ERROR;
				CLANG_WARN_DOCUMENTATION_COMMENTS = YES;
				CLANG_WARN_EMPTY_BODY = YES;
				CLANG_WARN_ENUM_CONVERSION = YES;
				CLANG_WARN_INFINITE_RECURSION = YES;
				CLANG_WARN_INT_CONVERSION = YES;
				CLANG_WARN_NON_LITERAL_NULL_CONVERSION = YES;
				CLANG_WARN_OBJC_IMPLICIT_RETAIN_SELF = YES;
				CLANG_WARN_OBJC_LITERAL_CONVERSION = YES;
				CLANG_WARN_OBJC_ROOT_CLASS = YES_ERROR;
				CLANG_WARN_QUOTED_INCLUDE_IN_FRAMEWORK_HEADER = YES;
				CLANG_WARN_RANGE_LOOP_ANALYSIS = YES;
				CLANG_WARN_STRICT_PROTOTYPES = YES;
				CLANG_WARN_SUSPICIOUS_MOVE = YES;
				CLANG_WARN_UNGUARDED_AVAILABILITY = YES_AGGRESSIVE;
				CLANG_WARN_UNREACHABLE_CODE = YES;
				CLANG_WARN__DUPLICATE_METHOD_MATCH = YES;
				CODE_SIGN_IDENTITY = "iPhone Developer";
				COPY_PHASE_STRIP = NO;
				DEBUG_INFORMATION_FORMAT = dwarf;
				ENABLE_STRICT_OBJC_MSGSEND = YES;
				ENABLE_TESTABILITY = YES;
				GCC_C_LANGUAGE_STANDARD = gnu11;
				GCC_DYNAMIC_NO_PIC = NO;
				GCC_NO_COMMON_BLOCKS = YES;
				GCC_OPTIMIZATION_LEVEL = 0;
				GCC_PREPROCESSOR_DEFINITIONS = (
					"DEBUG=1",
					"$(inherited)",
				);
				GCC_WARN_64_TO_32_BIT_CONVERSION = YES;
				GCC_WARN_ABOUT_RETURN_TYPE = YES_ERROR;
				GCC_WARN_UNDECLARED_SELECTOR = YES;
				GCC_WARN_UNINITIALIZED_AUTOS = YES_AGGRESSIVE;
				GCC_WARN_UNUSED_FUNCTION = YES;
				GCC_WARN_UNUSED_VARIABLE = YES;
				MTL_ENABLE_DEBUG_INFO = YES;
				ONLY_ACTIVE_ARCH = YES;
				PRODUCT_NAME = "$(TARGET_NAME)";
			};
			name = Debug;
		};
		9EA3AF06F9EC791CD7EF281A /* Release */ = {
			isa = XCBuildConfiguration;
			buildSettings = {
				BUNDLE_LOADER = "$(TEST_HOST)";
				CODE_SIGN_IDENTITY = "iPhone Developer";
				INFOPLIST_FILE = Derived/InfoPlists/AssAppTests.plist;
				LD_RUNPATH_SEARCH_PATHS = (
					"$(inherited)",
					"@executable_path/Frameworks",
					"@loader_path/Frameworks",
				);
				PRODUCT_BUNDLE_IDENTIFIER = cz.ackee.enterprise.ass.AssAppTests;
				PRODUCT_NAME = AssAppTests;
				SDKROOT = iphoneos;
				SUPPORTED_PLATFORMS = "iphonesimulator iphoneos";
				SWIFT_COMPILATION_MODE = wholemodule;
				SWIFT_OPTIMIZATION_LEVEL = "-Owholemodule";
				SWIFT_VERSION = 5.4.2;
				TARGETED_DEVICE_FAMILY = "1,2";
				TEST_HOST = "$(BUILT_PRODUCTS_DIR)/AssApp.app/AssApp";
				TEST_TARGET_NAME = AssApp;
			};
			name = Release;
		};
		9FAB6C602A5D3FD90B90F68F /* Release */ = {
			isa = XCBuildConfiguration;
			buildSettings = {
				ALWAYS_SEARCH_USER_PATHS = NO;
				CLANG_ANALYZER_LOCALIZABILITY_NONLOCALIZED = YES;
				CLANG_ANALYZER_NONNULL = YES;
				CLANG_ANALYZER_NUMBER_OBJECT_CONVERSION = YES_AGGRESSIVE;
				CLANG_CXX_LANGUAGE_STANDARD = "gnu++14";
				CLANG_CXX_LIBRARY = "libc++";
				CLANG_ENABLE_MODULES = YES;
				CLANG_ENABLE_OBJC_ARC = YES;
				CLANG_ENABLE_OBJC_WEAK = YES;
				CLANG_WARN_BLOCK_CAPTURE_AUTORELEASING = YES;
				CLANG_WARN_BOOL_CONVERSION = YES;
				CLANG_WARN_COMMA = YES;
				CLANG_WARN_CONSTANT_CONVERSION = YES;
				CLANG_WARN_DEPRECATED_OBJC_IMPLEMENTATIONS = YES;
				CLANG_WARN_DIRECT_OBJC_ISA_USAGE = YES_ERROR;
				CLANG_WARN_DOCUMENTATION_COMMENTS = YES;
				CLANG_WARN_EMPTY_BODY = YES;
				CLANG_WARN_ENUM_CONVERSION = YES;
				CLANG_WARN_INFINITE_RECURSION = YES;
				CLANG_WARN_INT_CONVERSION = YES;
				CLANG_WARN_NON_LITERAL_NULL_CONVERSION = YES;
				CLANG_WARN_OBJC_IMPLICIT_RETAIN_SELF = YES;
				CLANG_WARN_OBJC_LITERAL_CONVERSION = YES;
				CLANG_WARN_OBJC_ROOT_CLASS = YES_ERROR;
				CLANG_WARN_QUOTED_INCLUDE_IN_FRAMEWORK_HEADER = YES;
				CLANG_WARN_RANGE_LOOP_ANALYSIS = YES;
				CLANG_WARN_STRICT_PROTOTYPES = YES;
				CLANG_WARN_SUSPICIOUS_MOVE = YES;
				CLANG_WARN_UNGUARDED_AVAILABILITY = YES_AGGRESSIVE;
				CLANG_WARN_UNREACHABLE_CODE = YES;
				CLANG_WARN__DUPLICATE_METHOD_MATCH = YES;
				CODE_SIGN_IDENTITY = "iPhone Distribution";
				COPY_PHASE_STRIP = NO;
				DEBUG_INFORMATION_FORMAT = "dwarf-with-dsym";
				ENABLE_NS_ASSERTIONS = NO;
				ENABLE_STRICT_OBJC_MSGSEND = YES;
				GCC_C_LANGUAGE_STANDARD = gnu11;
				GCC_NO_COMMON_BLOCKS = YES;
				GCC_WARN_64_TO_32_BIT_CONVERSION = YES;
				GCC_WARN_ABOUT_RETURN_TYPE = YES_ERROR;
				GCC_WARN_UNDECLARED_SELECTOR = YES;
				GCC_WARN_UNINITIALIZED_AUTOS = YES_AGGRESSIVE;
				GCC_WARN_UNUSED_FUNCTION = YES;
				GCC_WARN_UNUSED_VARIABLE = YES;
				MTL_ENABLE_DEBUG_INFO = NO;
				PRODUCT_NAME = "$(TARGET_NAME)";
				VALIDATE_PRODUCT = YES;
			};
			name = Release;
		};
		C9461437F8E860D924CD0BF5 /* Debug */ = {
			isa = XCBuildConfiguration;
			buildSettings = {
				BUNDLE_LOADER = "$(TEST_HOST)";
				CODE_SIGN_IDENTITY = "iPhone Developer";
				INFOPLIST_FILE = Derived/InfoPlists/AssAppTests.plist;
				LD_RUNPATH_SEARCH_PATHS = (
					"$(inherited)",
					"@executable_path/Frameworks",
					"@loader_path/Frameworks",
				);
				PRODUCT_BUNDLE_IDENTIFIER = cz.ackee.enterprise.ass.AssAppTests;
				PRODUCT_NAME = AssAppTests;
				SDKROOT = iphoneos;
				SUPPORTED_PLATFORMS = "iphonesimulator iphoneos";
				SWIFT_ACTIVE_COMPILATION_CONDITIONS = DEBUG;
				SWIFT_COMPILATION_MODE = singlefile;
				SWIFT_OPTIMIZATION_LEVEL = "-Onone";
				SWIFT_VERSION = 5.4.2;
				TARGETED_DEVICE_FAMILY = "1,2";
				TEST_HOST = "$(BUILT_PRODUCTS_DIR)/AssApp.app/AssApp";
				TEST_TARGET_NAME = AssApp;
			};
			name = Debug;
		};
		FDEB8C3F49D382C2A828F2DA /* Debug */ = {
			isa = XCBuildConfiguration;
			buildSettings = {
				ACK_APPNAME = "ASS Δ";
				ACK_PROJECT_VERSION = 0.1.0;
				CODE_SIGN_IDENTITY = "iPhone Developer";
				CODE_SIGN_STYLE = Manual;
				DEBUG_INFORMATION_FORMAT = "dwarf-with-dsym";
				DEVELOPMENT_TEAM = PXDF48X6VX;
				INFOPLIST_FILE = Derived/InfoPlists/AssApp.plist;
				IPHONEOS_DEPLOYMENT_TARGET = 10.0;
				LD_RUNPATH_SEARCH_PATHS = (
					"$(inherited)",
					"@executable_path/Frameworks",
				);
				OTHER_LDFLAGS = "$(inherited) -ObjC";
				PRODUCT_BUNDLE_IDENTIFIER = cz.ackee.enterprise.ass.dev;
				PRODUCT_NAME = AssApp;
				PROVISIONING_PROFILE_SPECIFIER = "match Development cz.ackee.enterprise.*";
				SDKROOT = iphoneos;
				SUPPORTED_PLATFORMS = "iphonesimulator iphoneos";
				SWIFT_ACTIVE_COMPILATION_CONDITIONS = DEBUG;
				SWIFT_OPTIMIZATION_LEVEL = "-Onone";
				SWIFT_VERSION = 5.4.2;
				TARGETED_DEVICE_FAMILY = "1,2";
			};
			name = Debug;
		};
/* End XCBuildConfiguration section */

/* Begin XCConfigurationList section */
		304E505B4B2114D4DD7E59D9 /* Build configuration list for PBXProject "Ass" */ = {
			isa = XCConfigurationList;
			buildConfigurations = (
				9CB5FB496001C36D38EAC7CA /* Debug */,
				9FAB6C602A5D3FD90B90F68F /* Release */,
			);
			defaultConfigurationIsVisible = 0;
			defaultConfigurationName = Release;
		};
		88B22763EE13A4E9EFD1BA1A /* Build configuration list for PBXNativeTarget "AssApp" */ = {
			isa = XCConfigurationList;
			buildConfigurations = (
				FDEB8C3F49D382C2A828F2DA /* Debug */,
				490FC397D1FE9D23C20C9E6A /* Release */,
			);
			defaultConfigurationIsVisible = 0;
			defaultConfigurationName = Release;
		};
		9DB9EA50F0F17CEA7BFBF11B /* Build configuration list for PBXNativeTarget "AssAppTests" */ = {
			isa = XCConfigurationList;
			buildConfigurations = (
				C9461437F8E860D924CD0BF5 /* Debug */,
				9EA3AF06F9EC791CD7EF281A /* Release */,
			);
			defaultConfigurationIsVisible = 0;
			defaultConfigurationName = Release;
		};
/* End XCConfigurationList section */

/* Begin XCRemoteSwiftPackageReference section */
		258DA62AD95D005A96B4E71E /* XCRemoteSwiftPackageReference "SnapKit" */ = {
			isa = XCRemoteSwiftPackageReference;
			repositoryURL = "https://github.com/SnapKit/SnapKit.git";
			requirement = {
				kind = upToNextMajorVersion;
				minimumVersion = 5.0.1;
			};
		};
		3C04C51A43D699AAF89A2A6E /* XCRemoteSwiftPackageReference "ACKategories" */ = {
			isa = XCRemoteSwiftPackageReference;
			repositoryURL = "https://github.com/AckeeCZ/ACKategories";
			requirement = {
				kind = upToNextMajorVersion;
				minimumVersion = 6.8.0;
			};
		};
		888456D50D08CC3AF5D721D5 /* XCRemoteSwiftPackageReference "firebase-ios-sdk" */ = {
			isa = XCRemoteSwiftPackageReference;
			repositoryURL = "https://github.com/firebase/firebase-ios-sdk";
			requirement = {
				kind = upToNextMajorVersion;
				minimumVersion = 7.0.0;
			};
		};
		D3300CD7E82FCAB7D5079544 /* XCRemoteSwiftPackageReference "lottie-ios" */ = {
			isa = XCRemoteSwiftPackageReference;
			repositoryURL = "https://github.com/airbnb/lottie-ios.git";
			requirement = {
				kind = upToNextMajorVersion;
				minimumVersion = 3.2.1;
			};
		};
/* End XCRemoteSwiftPackageReference section */

/* Begin XCSwiftPackageProductDependency section */
		211060474BB1E66333EA8CBA /* SnapKit */ = {
			isa = XCSwiftPackageProductDependency;
			productName = SnapKit;
		};
		757C0383D5B54E2D412DED02 /* Lottie */ = {
			isa = XCSwiftPackageProductDependency;
			productName = Lottie;
		};
		9906154C0528632D84662A86 /* ACKategories */ = {
			isa = XCSwiftPackageProductDependency;
			productName = ACKategories;
		};
		B5DBFE9A1D9E30E0D0C91C46 /* FirebaseCrashlytics */ = {
			isa = XCSwiftPackageProductDependency;
			productName = FirebaseCrashlytics;
		};
/* End XCSwiftPackageProductDependency section */
	};
	rootObject = 1F069E2202FEF2E752F2AEC0 /* Project object */;
}
