// !$*UTF8*$!
{
	archiveVersion = 1;
	classes = {
	};
	objectVersion = 50;
	objects = {

/* Begin PBXBuildFile section */
		693C40B621A8BF1F009B3C2B /* UIDeviceExtensions.swift in Sources */ = {isa = PBXBuildFile; fileRef = 693C40B521A8BF1F009B3C2B /* UIDeviceExtensions.swift */; };
		693C40B821A94E2B009B3C2B /* ScreenshotAPIService.swift in Sources */ = {isa = PBXBuildFile; fileRef = 693C40B721A94E2B009B3C2B /* ScreenshotAPIService.swift */; };
		693C40BC21A94F09009B3C2B /* Result.swift in Sources */ = {isa = PBXBuildFile; fileRef = 693C40BB21A94F09009B3C2B /* Result.swift */; };
		693C40BF21A9508B009B3C2B /* UploadScreenshotOperation.swift in Sources */ = {isa = PBXBuildFile; fileRef = 693C40BE21A9508B009B3C2B /* UploadScreenshotOperation.swift */; };
		693C40C121A95232009B3C2B /* URLRequestOperation.swift in Sources */ = {isa = PBXBuildFile; fileRef = 693C40C021A95231009B3C2B /* URLRequestOperation.swift */; };
		693C40C421A96711009B3C2B /* Action.swift in Sources */ = {isa = PBXBuildFile; fileRef = 693C40C321A96711009B3C2B /* Action.swift */; };
		69DF502621A8B81E00041A79 /* URLRequestExtensions.swift in Sources */ = {isa = PBXBuildFile; fileRef = 69DF502521A8B81E00041A79 /* URLRequestExtensions.swift */; };
		69F1EB9621A8992E00DBB627 /* Ass.h in Headers */ = {isa = PBXBuildFile; fileRef = 69F1EB9421A8992E00DBB627 /* Ass.h */; settings = {ATTRIBUTES = (Public, ); }; };
		69F1EBA121A8995600DBB627 /* AppDelegate.swift in Sources */ = {isa = PBXBuildFile; fileRef = 69F1EBA021A8995600DBB627 /* AppDelegate.swift */; };
		69F1EBA321A8995600DBB627 /* ViewController.swift in Sources */ = {isa = PBXBuildFile; fileRef = 69F1EBA221A8995600DBB627 /* ViewController.swift */; };
		69F1EBA621A8995600DBB627 /* Main.storyboard in Resources */ = {isa = PBXBuildFile; fileRef = 69F1EBA421A8995600DBB627 /* Main.storyboard */; };
		69F1EBA821A8995700DBB627 /* Assets.xcassets in Resources */ = {isa = PBXBuildFile; fileRef = 69F1EBA721A8995700DBB627 /* Assets.xcassets */; };
		69F1EBAB21A8995700DBB627 /* LaunchScreen.storyboard in Resources */ = {isa = PBXBuildFile; fileRef = 69F1EBA921A8995700DBB627 /* LaunchScreen.storyboard */; };
		69F1EBB021A8996800DBB627 /* Ass.framework in Frameworks */ = {isa = PBXBuildFile; fileRef = 69F1EB9121A8992E00DBB627 /* Ass.framework */; };
		69F1EBB121A8996800DBB627 /* Ass.framework in Embed Frameworks */ = {isa = PBXBuildFile; fileRef = 69F1EB9121A8992E00DBB627 /* Ass.framework */; settings = {ATTRIBUTES = (CodeSignOnCopy, RemoveHeadersOnCopy, ); }; };
		69F1EBBB21A89B3E00DBB627 /* ScreenshotViewController.swift in Sources */ = {isa = PBXBuildFile; fileRef = 69F1EBB921A89B3E00DBB627 /* ScreenshotViewController.swift */; };
		69F1EBBC21A89B3E00DBB627 /* ScreenshotViewModel.swift in Sources */ = {isa = PBXBuildFile; fileRef = 69F1EBBA21A89B3E00DBB627 /* ScreenshotViewModel.swift */; };
		69F1EBC021A89B6400DBB627 /* AppDependency.swift in Sources */ = {isa = PBXBuildFile; fileRef = 69F1EBBF21A89B6400DBB627 /* AppDependency.swift */; };
		69F1EBC321A89B8F00DBB627 /* BaseViewController.swift in Sources */ = {isa = PBXBuildFile; fileRef = 69F1EBC221A89B8F00DBB627 /* BaseViewController.swift */; };
		69F1EBC621A89BC000DBB627 /* BaseViewModel.swift in Sources */ = {isa = PBXBuildFile; fileRef = 69F1EBC521A89BC000DBB627 /* BaseViewModel.swift */; };
		69F1EBC921A89F0800DBB627 /* AppInfo.swift in Sources */ = {isa = PBXBuildFile; fileRef = 69F1EBC821A89F0800DBB627 /* AppInfo.swift */; };
		69F1EBCF21A8A32500DBB627 /* KeyValueView.swift in Sources */ = {isa = PBXBuildFile; fileRef = 69F1EBCE21A8A32500DBB627 /* KeyValueView.swift */; };
		69F1EBD121A8A4E800DBB627 /* DebugInfoView.swift in Sources */ = {isa = PBXBuildFile; fileRef = 69F1EBD021A8A4E800DBB627 /* DebugInfoView.swift */; };
		69F1EBD421A8A6F100DBB627 /* UIViewExtensions.swift in Sources */ = {isa = PBXBuildFile; fileRef = 69F1EBD321A8A6F100DBB627 /* UIViewExtensions.swift */; };
		69F1EBD621A8A83200DBB627 /* UIStackViewExtensions.swift in Sources */ = {isa = PBXBuildFile; fileRef = 69F1EBD521A8A83200DBB627 /* UIStackViewExtensions.swift */; };
		F85F88C721A8A0E600786AEC /* Debuggable.swift in Sources */ = {isa = PBXBuildFile; fileRef = F85F88C521A89D6000786AEC /* Debuggable.swift */; };
/* End PBXBuildFile section */

/* Begin PBXContainerItemProxy section */
		69F1EBB221A8996800DBB627 /* PBXContainerItemProxy */ = {
			isa = PBXContainerItemProxy;
			containerPortal = 69F1EB8621A898F200DBB627 /* Project object */;
			proxyType = 1;
			remoteGlobalIDString = 69F1EB9021A8992E00DBB627;
			remoteInfo = Ass;
		};
/* End PBXContainerItemProxy section */

/* Begin PBXCopyFilesBuildPhase section */
		69F1EBB421A8996800DBB627 /* Embed Frameworks */ = {
			isa = PBXCopyFilesBuildPhase;
			buildActionMask = 2147483647;
			dstPath = "";
			dstSubfolderSpec = 10;
			files = (
				69F1EBB121A8996800DBB627 /* Ass.framework in Embed Frameworks */,
			);
			name = "Embed Frameworks";
			runOnlyForDeploymentPostprocessing = 0;
		};
/* End PBXCopyFilesBuildPhase section */

/* Begin PBXFileReference section */
		693C40B521A8BF1F009B3C2B /* UIDeviceExtensions.swift */ = {isa = PBXFileReference; lastKnownFileType = sourcecode.swift; path = UIDeviceExtensions.swift; sourceTree = "<group>"; };
		693C40B721A94E2B009B3C2B /* ScreenshotAPIService.swift */ = {isa = PBXFileReference; lastKnownFileType = sourcecode.swift; path = ScreenshotAPIService.swift; sourceTree = "<group>"; };
		693C40BB21A94F09009B3C2B /* Result.swift */ = {isa = PBXFileReference; lastKnownFileType = sourcecode.swift; path = Result.swift; sourceTree = "<group>"; };
		693C40BE21A9508B009B3C2B /* UploadScreenshotOperation.swift */ = {isa = PBXFileReference; lastKnownFileType = sourcecode.swift; path = UploadScreenshotOperation.swift; sourceTree = "<group>"; };
		693C40C021A95231009B3C2B /* URLRequestOperation.swift */ = {isa = PBXFileReference; lastKnownFileType = sourcecode.swift; path = URLRequestOperation.swift; sourceTree = "<group>"; };
		693C40C321A96711009B3C2B /* Action.swift */ = {isa = PBXFileReference; lastKnownFileType = sourcecode.swift; path = Action.swift; sourceTree = "<group>"; };
		69DF502521A8B81E00041A79 /* URLRequestExtensions.swift */ = {isa = PBXFileReference; lastKnownFileType = sourcecode.swift; path = URLRequestExtensions.swift; sourceTree = "<group>"; };
		69F1EB9121A8992E00DBB627 /* Ass.framework */ = {isa = PBXFileReference; explicitFileType = wrapper.framework; includeInIndex = 0; path = Ass.framework; sourceTree = BUILT_PRODUCTS_DIR; };
		69F1EB9421A8992E00DBB627 /* Ass.h */ = {isa = PBXFileReference; lastKnownFileType = sourcecode.c.h; path = Ass.h; sourceTree = "<group>"; };
		69F1EB9521A8992E00DBB627 /* Info.plist */ = {isa = PBXFileReference; lastKnownFileType = text.plist.xml; path = Info.plist; sourceTree = "<group>"; };
		69F1EB9E21A8995600DBB627 /* AssExample.app */ = {isa = PBXFileReference; explicitFileType = wrapper.application; includeInIndex = 0; path = AssExample.app; sourceTree = BUILT_PRODUCTS_DIR; };
		69F1EBA021A8995600DBB627 /* AppDelegate.swift */ = {isa = PBXFileReference; lastKnownFileType = sourcecode.swift; path = AppDelegate.swift; sourceTree = "<group>"; };
		69F1EBA221A8995600DBB627 /* ViewController.swift */ = {isa = PBXFileReference; lastKnownFileType = sourcecode.swift; path = ViewController.swift; sourceTree = "<group>"; };
		69F1EBA521A8995600DBB627 /* Base */ = {isa = PBXFileReference; lastKnownFileType = file.storyboard; name = Base; path = Base.lproj/Main.storyboard; sourceTree = "<group>"; };
		69F1EBA721A8995700DBB627 /* Assets.xcassets */ = {isa = PBXFileReference; lastKnownFileType = folder.assetcatalog; path = Assets.xcassets; sourceTree = "<group>"; };
		69F1EBAA21A8995700DBB627 /* Base */ = {isa = PBXFileReference; lastKnownFileType = file.storyboard; name = Base; path = Base.lproj/LaunchScreen.storyboard; sourceTree = "<group>"; };
		69F1EBAC21A8995700DBB627 /* Info.plist */ = {isa = PBXFileReference; lastKnownFileType = text.plist.xml; path = Info.plist; sourceTree = "<group>"; };
		69F1EBB921A89B3E00DBB627 /* ScreenshotViewController.swift */ = {isa = PBXFileReference; lastKnownFileType = sourcecode.swift; path = ScreenshotViewController.swift; sourceTree = "<group>"; };
		69F1EBBA21A89B3E00DBB627 /* ScreenshotViewModel.swift */ = {isa = PBXFileReference; lastKnownFileType = sourcecode.swift; path = ScreenshotViewModel.swift; sourceTree = "<group>"; };
		69F1EBBF21A89B6400DBB627 /* AppDependency.swift */ = {isa = PBXFileReference; lastKnownFileType = sourcecode.swift; path = AppDependency.swift; sourceTree = "<group>"; };
		69F1EBC221A89B8F00DBB627 /* BaseViewController.swift */ = {isa = PBXFileReference; lastKnownFileType = sourcecode.swift; path = BaseViewController.swift; sourceTree = "<group>"; };
		69F1EBC521A89BC000DBB627 /* BaseViewModel.swift */ = {isa = PBXFileReference; lastKnownFileType = sourcecode.swift; path = BaseViewModel.swift; sourceTree = "<group>"; };
		69F1EBC821A89F0800DBB627 /* AppInfo.swift */ = {isa = PBXFileReference; lastKnownFileType = sourcecode.swift; path = AppInfo.swift; sourceTree = "<group>"; };
		69F1EBCE21A8A32500DBB627 /* KeyValueView.swift */ = {isa = PBXFileReference; lastKnownFileType = sourcecode.swift; path = KeyValueView.swift; sourceTree = "<group>"; };
		69F1EBD021A8A4E800DBB627 /* DebugInfoView.swift */ = {isa = PBXFileReference; lastKnownFileType = sourcecode.swift; path = DebugInfoView.swift; sourceTree = "<group>"; };
		69F1EBD321A8A6F100DBB627 /* UIViewExtensions.swift */ = {isa = PBXFileReference; lastKnownFileType = sourcecode.swift; path = UIViewExtensions.swift; sourceTree = "<group>"; };
		69F1EBD521A8A83200DBB627 /* UIStackViewExtensions.swift */ = {isa = PBXFileReference; lastKnownFileType = sourcecode.swift; path = UIStackViewExtensions.swift; sourceTree = "<group>"; };
		F85F88C521A89D6000786AEC /* Debuggable.swift */ = {isa = PBXFileReference; lastKnownFileType = sourcecode.swift; path = Debuggable.swift; sourceTree = "<group>"; };
/* End PBXFileReference section */

/* Begin PBXFrameworksBuildPhase section */
		69F1EB8E21A8992E00DBB627 /* Frameworks */ = {
			isa = PBXFrameworksBuildPhase;
			buildActionMask = 2147483647;
			files = (
			);
			runOnlyForDeploymentPostprocessing = 0;
		};
		69F1EB9B21A8995600DBB627 /* Frameworks */ = {
			isa = PBXFrameworksBuildPhase;
			buildActionMask = 2147483647;
			files = (
				69F1EBB021A8996800DBB627 /* Ass.framework in Frameworks */,
			);
			runOnlyForDeploymentPostprocessing = 0;
		};
/* End PBXFrameworksBuildPhase section */

/* Begin PBXGroup section */
		693C40B921A94E8C009B3C2B /* Service */ = {
			isa = PBXGroup;
			children = (
				693C40BA21A94E97009B3C2B /* Base */,
				693C40B721A94E2B009B3C2B /* ScreenshotAPIService.swift */,
			);
			path = Service;
			sourceTree = "<group>";
		};
		693C40BA21A94E97009B3C2B /* Base */ = {
			isa = PBXGroup;
			children = (
			);
			path = Base;
			sourceTree = "<group>";
		};
		693C40BD21A95078009B3C2B /* Operations */ = {
			isa = PBXGroup;
			children = (
				693C40C221A95BB8009B3C2B /* Base */,
				693C40BE21A9508B009B3C2B /* UploadScreenshotOperation.swift */,
			);
			path = Operations;
			sourceTree = "<group>";
		};
		693C40C221A95BB8009B3C2B /* Base */ = {
			isa = PBXGroup;
			children = (
				693C40C021A95231009B3C2B /* URLRequestOperation.swift */,
			);
			path = Base;
			sourceTree = "<group>";
		};
		69F1EB8521A898F200DBB627 = {
			isa = PBXGroup;
			children = (
				69F1EB9321A8992E00DBB627 /* Ass */,
				69F1EB9F21A8995600DBB627 /* AssExample */,
				69F1EB9221A8992E00DBB627 /* Products */,
			);
			sourceTree = "<group>";
		};
		69F1EB9221A8992E00DBB627 /* Products */ = {
			isa = PBXGroup;
			children = (
				69F1EB9121A8992E00DBB627 /* Ass.framework */,
				69F1EB9E21A8995600DBB627 /* AssExample.app */,
			);
			name = Products;
			sourceTree = "<group>";
		};
		69F1EB9321A8992E00DBB627 /* Ass */ = {
			isa = PBXGroup;
			children = (
				69F1EBD221A8A6E600DBB627 /* Extensions */,
				69F1EBCD21A8A30D00DBB627 /* View */,
				69F1EBBE21A89B5600DBB627 /* DI */,
				69F1EBC721A89EF700DBB627 /* Model */,
				693C40BD21A95078009B3C2B /* Operations */,
				69F1EBB821A89B2000DBB627 /* ViewController */,
				69F1EBBD21A89B4300DBB627 /* ViewModel */,
				693C40B921A94E8C009B3C2B /* Service */,
				69F1EBB521A89A6000DBB627 /* Supporting files */,
			);
			path = Ass;
			sourceTree = "<group>";
		};
		69F1EB9F21A8995600DBB627 /* AssExample */ = {
			isa = PBXGroup;
			children = (
				69F1EBB721A89A8500DBB627 /* Resources */,
				69F1EBB621A89A6F00DBB627 /* Supporting files */,
				69F1EBA021A8995600DBB627 /* AppDelegate.swift */,
				69F1EBA221A8995600DBB627 /* ViewController.swift */,
			);
			path = AssExample;
			sourceTree = "<group>";
		};
		69F1EBB521A89A6000DBB627 /* Supporting files */ = {
			isa = PBXGroup;
			children = (
				69F1EB9421A8992E00DBB627 /* Ass.h */,
				69F1EB9521A8992E00DBB627 /* Info.plist */,
			);
			path = "Supporting files";
			sourceTree = "<group>";
		};
		69F1EBB621A89A6F00DBB627 /* Supporting files */ = {
			isa = PBXGroup;
			children = (
				69F1EBA921A8995700DBB627 /* LaunchScreen.storyboard */,
				69F1EBA421A8995600DBB627 /* Main.storyboard */,
				69F1EBAC21A8995700DBB627 /* Info.plist */,
			);
			path = "Supporting files";
			sourceTree = "<group>";
		};
		69F1EBB721A89A8500DBB627 /* Resources */ = {
			isa = PBXGroup;
			children = (
				69F1EBA721A8995700DBB627 /* Assets.xcassets */,
			);
			path = Resources;
			sourceTree = "<group>";
		};
		69F1EBB821A89B2000DBB627 /* ViewController */ = {
			isa = PBXGroup;
			children = (
				69F1EBC121A89B8400DBB627 /* Base */,
				69F1EBB921A89B3E00DBB627 /* ScreenshotViewController.swift */,
			);
			path = ViewController;
			sourceTree = "<group>";
		};
		69F1EBBD21A89B4300DBB627 /* ViewModel */ = {
			isa = PBXGroup;
			children = (
				69F1EBC421A89BB800DBB627 /* Base */,
				69F1EBBA21A89B3E00DBB627 /* ScreenshotViewModel.swift */,
			);
			path = ViewModel;
			sourceTree = "<group>";
		};
		69F1EBBE21A89B5600DBB627 /* DI */ = {
			isa = PBXGroup;
			children = (
				69F1EBBF21A89B6400DBB627 /* AppDependency.swift */,
			);
			path = DI;
			sourceTree = "<group>";
		};
		69F1EBC121A89B8400DBB627 /* Base */ = {
			isa = PBXGroup;
			children = (
				69F1EBC221A89B8F00DBB627 /* BaseViewController.swift */,
			);
			path = Base;
			sourceTree = "<group>";
		};
		69F1EBC421A89BB800DBB627 /* Base */ = {
			isa = PBXGroup;
			children = (
				69F1EBC521A89BC000DBB627 /* BaseViewModel.swift */,
			);
			path = Base;
			sourceTree = "<group>";
		};
		69F1EBC721A89EF700DBB627 /* Model */ = {
			isa = PBXGroup;
			children = (
				F85F88C521A89D6000786AEC /* Debuggable.swift */,
				69F1EBC821A89F0800DBB627 /* AppInfo.swift */,
				693C40BB21A94F09009B3C2B /* Result.swift */,
				693C40C321A96711009B3C2B /* Action.swift */,
			);
			path = Model;
			sourceTree = "<group>";
		};
		69F1EBCD21A8A30D00DBB627 /* View */ = {
			isa = PBXGroup;
			children = (
				69F1EBD021A8A4E800DBB627 /* DebugInfoView.swift */,
				69F1EBCE21A8A32500DBB627 /* KeyValueView.swift */,
			);
			path = View;
			sourceTree = "<group>";
		};
		69F1EBD221A8A6E600DBB627 /* Extensions */ = {
			isa = PBXGroup;
			children = (
				69F1EBD321A8A6F100DBB627 /* UIViewExtensions.swift */,
				69F1EBD521A8A83200DBB627 /* UIStackViewExtensions.swift */,
				69DF502521A8B81E00041A79 /* URLRequestExtensions.swift */,
				693C40B521A8BF1F009B3C2B /* UIDeviceExtensions.swift */,
			);
			path = Extensions;
			sourceTree = "<group>";
		};
/* End PBXGroup section */

/* Begin PBXHeadersBuildPhase section */
		69F1EB8C21A8992E00DBB627 /* Headers */ = {
			isa = PBXHeadersBuildPhase;
			buildActionMask = 2147483647;
			files = (
				69F1EB9621A8992E00DBB627 /* Ass.h in Headers */,
			);
			runOnlyForDeploymentPostprocessing = 0;
		};
/* End PBXHeadersBuildPhase section */

/* Begin PBXNativeTarget section */
		69F1EB9021A8992E00DBB627 /* Ass */ = {
			isa = PBXNativeTarget;
			buildConfigurationList = 69F1EB9721A8992E00DBB627 /* Build configuration list for PBXNativeTarget "Ass" */;
			buildPhases = (
				69F1EB8C21A8992E00DBB627 /* Headers */,
				69F1EB8D21A8992E00DBB627 /* Sources */,
				69F1EB8E21A8992E00DBB627 /* Frameworks */,
				69F1EB8F21A8992E00DBB627 /* Resources */,
			);
			buildRules = (
			);
			dependencies = (
			);
			name = Ass;
			productName = Ass;
			productReference = 69F1EB9121A8992E00DBB627 /* Ass.framework */;
			productType = "com.apple.product-type.framework";
		};
		69F1EB9D21A8995600DBB627 /* AssExample */ = {
			isa = PBXNativeTarget;
			buildConfigurationList = 69F1EBAD21A8995700DBB627 /* Build configuration list for PBXNativeTarget "AssExample" */;
			buildPhases = (
				69F1EB9A21A8995600DBB627 /* Sources */,
				69F1EB9B21A8995600DBB627 /* Frameworks */,
				69F1EB9C21A8995600DBB627 /* Resources */,
				69F1EBB421A8996800DBB627 /* Embed Frameworks */,
			);
			buildRules = (
			);
			dependencies = (
				69F1EBB321A8996800DBB627 /* PBXTargetDependency */,
			);
			name = AssExample;
			productName = AssExample;
			productReference = 69F1EB9E21A8995600DBB627 /* AssExample.app */;
			productType = "com.apple.product-type.application";
		};
/* End PBXNativeTarget section */

/* Begin PBXProject section */
		69F1EB8621A898F200DBB627 /* Project object */ = {
			isa = PBXProject;
			attributes = {
				LastSwiftUpdateCheck = 1010;
				LastUpgradeCheck = 1010;
				TargetAttributes = {
					69F1EB9021A8992E00DBB627 = {
						CreatedOnToolsVersion = 10.1;
						LastSwiftMigration = 1010;
					};
					69F1EB9D21A8995600DBB627 = {
						CreatedOnToolsVersion = 10.1;
					};
				};
			};
			buildConfigurationList = 69F1EB8921A898F200DBB627 /* Build configuration list for PBXProject "Ass" */;
			compatibilityVersion = "Xcode 9.3";
			developmentRegion = en;
			hasScannedForEncodings = 0;
			knownRegions = (
				en,
				Base,
			);
			mainGroup = 69F1EB8521A898F200DBB627;
			productRefGroup = 69F1EB9221A8992E00DBB627 /* Products */;
			projectDirPath = "";
			projectRoot = "";
			targets = (
				69F1EB9021A8992E00DBB627 /* Ass */,
				69F1EB9D21A8995600DBB627 /* AssExample */,
			);
		};
/* End PBXProject section */

/* Begin PBXResourcesBuildPhase section */
		69F1EB8F21A8992E00DBB627 /* Resources */ = {
			isa = PBXResourcesBuildPhase;
			buildActionMask = 2147483647;
			files = (
			);
			runOnlyForDeploymentPostprocessing = 0;
		};
		69F1EB9C21A8995600DBB627 /* Resources */ = {
			isa = PBXResourcesBuildPhase;
			buildActionMask = 2147483647;
			files = (
				69F1EBAB21A8995700DBB627 /* LaunchScreen.storyboard in Resources */,
				69F1EBA821A8995700DBB627 /* Assets.xcassets in Resources */,
				69F1EBA621A8995600DBB627 /* Main.storyboard in Resources */,
			);
			runOnlyForDeploymentPostprocessing = 0;
		};
/* End PBXResourcesBuildPhase section */

/* Begin PBXSourcesBuildPhase section */
		69F1EB8D21A8992E00DBB627 /* Sources */ = {
			isa = PBXSourcesBuildPhase;
			buildActionMask = 2147483647;
			files = (
				69F1EBC021A89B6400DBB627 /* AppDependency.swift in Sources */,
				693C40C421A96711009B3C2B /* Action.swift in Sources */,
				69DF502621A8B81E00041A79 /* URLRequestExtensions.swift in Sources */,
				693C40B621A8BF1F009B3C2B /* UIDeviceExtensions.swift in Sources */,
				69F1EBC921A89F0800DBB627 /* AppInfo.swift in Sources */,
				69F1EBC621A89BC000DBB627 /* BaseViewModel.swift in Sources */,
				69F1EBC321A89B8F00DBB627 /* BaseViewController.swift in Sources */,
				693C40BC21A94F09009B3C2B /* Result.swift in Sources */,
				F85F88C721A8A0E600786AEC /* Debuggable.swift in Sources */,
				69F1EBD121A8A4E800DBB627 /* DebugInfoView.swift in Sources */,
				69F1EBD621A8A83200DBB627 /* UIStackViewExtensions.swift in Sources */,
				69F1EBBC21A89B3E00DBB627 /* ScreenshotViewModel.swift in Sources */,
				693C40B821A94E2B009B3C2B /* ScreenshotAPIService.swift in Sources */,
				69F1EBBB21A89B3E00DBB627 /* ScreenshotViewController.swift in Sources */,
				69F1EBD421A8A6F100DBB627 /* UIViewExtensions.swift in Sources */,
				693C40BF21A9508B009B3C2B /* UploadScreenshotOperation.swift in Sources */,
				69F1EBCF21A8A32500DBB627 /* KeyValueView.swift in Sources */,
				693C40C121A95232009B3C2B /* URLRequestOperation.swift in Sources */,
			);
			runOnlyForDeploymentPostprocessing = 0;
		};
		69F1EB9A21A8995600DBB627 /* Sources */ = {
			isa = PBXSourcesBuildPhase;
			buildActionMask = 2147483647;
			files = (
				69F1EBA321A8995600DBB627 /* ViewController.swift in Sources */,
				69F1EBA121A8995600DBB627 /* AppDelegate.swift in Sources */,
			);
			runOnlyForDeploymentPostprocessing = 0;
		};
/* End PBXSourcesBuildPhase section */

/* Begin PBXTargetDependency section */
		69F1EBB321A8996800DBB627 /* PBXTargetDependency */ = {
			isa = PBXTargetDependency;
			target = 69F1EB9021A8992E00DBB627 /* Ass */;
			targetProxy = 69F1EBB221A8996800DBB627 /* PBXContainerItemProxy */;
		};
/* End PBXTargetDependency section */

/* Begin PBXVariantGroup section */
		69F1EBA421A8995600DBB627 /* Main.storyboard */ = {
			isa = PBXVariantGroup;
			children = (
				69F1EBA521A8995600DBB627 /* Base */,
			);
			name = Main.storyboard;
			sourceTree = "<group>";
		};
		69F1EBA921A8995700DBB627 /* LaunchScreen.storyboard */ = {
			isa = PBXVariantGroup;
			children = (
				69F1EBAA21A8995700DBB627 /* Base */,
			);
			name = LaunchScreen.storyboard;
			sourceTree = "<group>";
		};
/* End PBXVariantGroup section */

/* Begin XCBuildConfiguration section */
		69F1EB8A21A898F200DBB627 /* Debug */ = {
			isa = XCBuildConfiguration;
			buildSettings = {
				IPHONEOS_DEPLOYMENT_TARGET = 9.0;
			};
			name = Debug;
		};
		69F1EB8B21A898F200DBB627 /* Release */ = {
			isa = XCBuildConfiguration;
			buildSettings = {
				IPHONEOS_DEPLOYMENT_TARGET = 9.0;
			};
			name = Release;
		};
		69F1EB9821A8992E00DBB627 /* Debug */ = {
			isa = XCBuildConfiguration;
			buildSettings = {
				ALWAYS_SEARCH_USER_PATHS = NO;
				CLANG_ANALYZER_NONNULL = YES;
				CLANG_ANALYZER_NUMBER_OBJECT_CONVERSION = YES_AGGRESSIVE;
				CLANG_CXX_LANGUAGE_STANDARD = "gnu++14";
				CLANG_CXX_LIBRARY = "libc++";
				CLANG_ENABLE_MODULES = YES;
				CLANG_ENABLE_OBJC_ARC = YES;
				CLANG_ENABLE_OBJC_WEAK = YES;
				CLANG_WARN_BLOCK_CAPTURE_AUTORELEASING = YES;
				CLANG_WARN_BOOL_CONVERSION = YES;
				CLANG_WARN_COMMA = YES;
				CLANG_WARN_CONSTANT_CONVERSION = YES;
				CLANG_WARN_DEPRECATED_OBJC_IMPLEMENTATIONS = YES;
				CLANG_WARN_DIRECT_OBJC_ISA_USAGE = YES_ERROR;
				CLANG_WARN_DOCUMENTATION_COMMENTS = YES;
				CLANG_WARN_EMPTY_BODY = YES;
				CLANG_WARN_ENUM_CONVERSION = YES;
				CLANG_WARN_INFINITE_RECURSION = YES;
				CLANG_WARN_INT_CONVERSION = YES;
				CLANG_WARN_NON_LITERAL_NULL_CONVERSION = YES;
				CLANG_WARN_OBJC_IMPLICIT_RETAIN_SELF = YES;
				CLANG_WARN_OBJC_LITERAL_CONVERSION = YES;
				CLANG_WARN_OBJC_ROOT_CLASS = YES_ERROR;
				CLANG_WARN_RANGE_LOOP_ANALYSIS = YES;
				CLANG_WARN_STRICT_PROTOTYPES = YES;
				CLANG_WARN_SUSPICIOUS_MOVE = YES;
				CLANG_WARN_UNGUARDED_AVAILABILITY = YES_AGGRESSIVE;
				CLANG_WARN_UNREACHABLE_CODE = YES;
				CLANG_WARN__DUPLICATE_METHOD_MATCH = YES;
				CODE_SIGN_IDENTITY = "iPhone Developer";
				CODE_SIGN_STYLE = Manual;
				COPY_PHASE_STRIP = NO;
				CURRENT_PROJECT_VERSION = 1;
				DEBUG_INFORMATION_FORMAT = dwarf;
				DEFINES_MODULE = YES;
				DEVELOPMENT_TEAM = "";
				DYLIB_COMPATIBILITY_VERSION = 1;
				DYLIB_CURRENT_VERSION = 1;
				DYLIB_INSTALL_NAME_BASE = "@rpath";
				ENABLE_STRICT_OBJC_MSGSEND = YES;
				ENABLE_TESTABILITY = YES;
				GCC_C_LANGUAGE_STANDARD = gnu11;
				GCC_DYNAMIC_NO_PIC = NO;
				GCC_NO_COMMON_BLOCKS = YES;
				GCC_OPTIMIZATION_LEVEL = 0;
				GCC_PREPROCESSOR_DEFINITIONS = (
					"DEBUG=1",
					"$(inherited)",
				);
				GCC_WARN_64_TO_32_BIT_CONVERSION = YES;
				GCC_WARN_ABOUT_RETURN_TYPE = YES_ERROR;
				GCC_WARN_UNDECLARED_SELECTOR = YES;
				GCC_WARN_UNINITIALIZED_AUTOS = YES_AGGRESSIVE;
				GCC_WARN_UNUSED_FUNCTION = YES;
				GCC_WARN_UNUSED_VARIABLE = YES;
				INFOPLIST_FILE = "$(SRCROOT)/Ass/Supporting files/Info.plist";
				INSTALL_PATH = "$(LOCAL_LIBRARY_DIR)/Frameworks";
				LD_RUNPATH_SEARCH_PATHS = (
					"$(inherited)",
					"@executable_path/Frameworks",
					"@loader_path/Frameworks",
				);
				MTL_ENABLE_DEBUG_INFO = INCLUDE_SOURCE;
				MTL_FAST_MATH = YES;
				ONLY_ACTIVE_ARCH = YES;
				PRODUCT_BUNDLE_IDENTIFIER = cz.ackee.Ass;
				PRODUCT_NAME = "$(TARGET_NAME:c99extidentifier)";
				PROVISIONING_PROFILE_SPECIFIER = "";
				SDKROOT = iphoneos;
				SKIP_INSTALL = YES;
				SWIFT_ACTIVE_COMPILATION_CONDITIONS = DEBUG;
				SWIFT_OPTIMIZATION_LEVEL = "-Onone";
				SWIFT_VERSION = 4.2;
				TARGETED_DEVICE_FAMILY = "1,2";
				VERSIONING_SYSTEM = "apple-generic";
				VERSION_INFO_PREFIX = "";
			};
			name = Debug;
		};
		69F1EB9921A8992E00DBB627 /* Release */ = {
			isa = XCBuildConfiguration;
			buildSettings = {
				ALWAYS_SEARCH_USER_PATHS = NO;
				CLANG_ANALYZER_NONNULL = YES;
				CLANG_ANALYZER_NUMBER_OBJECT_CONVERSION = YES_AGGRESSIVE;
				CLANG_CXX_LANGUAGE_STANDARD = "gnu++14";
				CLANG_CXX_LIBRARY = "libc++";
				CLANG_ENABLE_MODULES = YES;
				CLANG_ENABLE_OBJC_ARC = YES;
				CLANG_ENABLE_OBJC_WEAK = YES;
				CLANG_WARN_BLOCK_CAPTURE_AUTORELEASING = YES;
				CLANG_WARN_BOOL_CONVERSION = YES;
				CLANG_WARN_COMMA = YES;
				CLANG_WARN_CONSTANT_CONVERSION = YES;
				CLANG_WARN_DEPRECATED_OBJC_IMPLEMENTATIONS = YES;
				CLANG_WARN_DIRECT_OBJC_ISA_USAGE = YES_ERROR;
				CLANG_WARN_DOCUMENTATION_COMMENTS = YES;
				CLANG_WARN_EMPTY_BODY = YES;
				CLANG_WARN_ENUM_CONVERSION = YES;
				CLANG_WARN_INFINITE_RECURSION = YES;
				CLANG_WARN_INT_CONVERSION = YES;
				CLANG_WARN_NON_LITERAL_NULL_CONVERSION = YES;
				CLANG_WARN_OBJC_IMPLICIT_RETAIN_SELF = YES;
				CLANG_WARN_OBJC_LITERAL_CONVERSION = YES;
				CLANG_WARN_OBJC_ROOT_CLASS = YES_ERROR;
				CLANG_WARN_RANGE_LOOP_ANALYSIS = YES;
				CLANG_WARN_STRICT_PROTOTYPES = YES;
				CLANG_WARN_SUSPICIOUS_MOVE = YES;
				CLANG_WARN_UNGUARDED_AVAILABILITY = YES_AGGRESSIVE;
				CLANG_WARN_UNREACHABLE_CODE = YES;
				CLANG_WARN__DUPLICATE_METHOD_MATCH = YES;
				CODE_SIGN_IDENTITY = "iPhone Developer";
				CODE_SIGN_STYLE = Manual;
				COPY_PHASE_STRIP = NO;
				CURRENT_PROJECT_VERSION = 1;
				DEBUG_INFORMATION_FORMAT = "dwarf-with-dsym";
				DEFINES_MODULE = YES;
				DEVELOPMENT_TEAM = "";
				DYLIB_COMPATIBILITY_VERSION = 1;
				DYLIB_CURRENT_VERSION = 1;
				DYLIB_INSTALL_NAME_BASE = "@rpath";
				ENABLE_NS_ASSERTIONS = NO;
				ENABLE_STRICT_OBJC_MSGSEND = YES;
				GCC_C_LANGUAGE_STANDARD = gnu11;
				GCC_NO_COMMON_BLOCKS = YES;
				GCC_WARN_64_TO_32_BIT_CONVERSION = YES;
				GCC_WARN_ABOUT_RETURN_TYPE = YES_ERROR;
				GCC_WARN_UNDECLARED_SELECTOR = YES;
				GCC_WARN_UNINITIALIZED_AUTOS = YES_AGGRESSIVE;
				GCC_WARN_UNUSED_FUNCTION = YES;
				GCC_WARN_UNUSED_VARIABLE = YES;
				INFOPLIST_FILE = "$(SRCROOT)/Ass/Supporting files/Info.plist";
				INSTALL_PATH = "$(LOCAL_LIBRARY_DIR)/Frameworks";
				LD_RUNPATH_SEARCH_PATHS = (
					"$(inherited)",
					"@executable_path/Frameworks",
					"@loader_path/Frameworks",
				);
				MTL_ENABLE_DEBUG_INFO = NO;
				MTL_FAST_MATH = YES;
				PRODUCT_BUNDLE_IDENTIFIER = cz.ackee.Ass;
				PRODUCT_NAME = "$(TARGET_NAME:c99extidentifier)";
				PROVISIONING_PROFILE_SPECIFIER = "";
				SDKROOT = iphoneos;
				SKIP_INSTALL = YES;
				SWIFT_COMPILATION_MODE = wholemodule;
				SWIFT_OPTIMIZATION_LEVEL = "-O";
				SWIFT_VERSION = 4.2;
				TARGETED_DEVICE_FAMILY = "1,2";
				VALIDATE_PRODUCT = YES;
				VERSIONING_SYSTEM = "apple-generic";
				VERSION_INFO_PREFIX = "";
			};
			name = Release;
		};
		69F1EBAE21A8995700DBB627 /* Debug */ = {
			isa = XCBuildConfiguration;
			buildSettings = {
				ALWAYS_EMBED_SWIFT_STANDARD_LIBRARIES = YES;
				ALWAYS_SEARCH_USER_PATHS = NO;
				ASSETCATALOG_COMPILER_APPICON_NAME = AppIcon;
				CLANG_ANALYZER_NONNULL = YES;
				CLANG_ANALYZER_NUMBER_OBJECT_CONVERSION = YES_AGGRESSIVE;
				CLANG_CXX_LANGUAGE_STANDARD = "gnu++14";
				CLANG_CXX_LIBRARY = "libc++";
				CLANG_ENABLE_MODULES = YES;
				CLANG_ENABLE_OBJC_ARC = YES;
				CLANG_ENABLE_OBJC_WEAK = YES;
				CLANG_WARN_BLOCK_CAPTURE_AUTORELEASING = YES;
				CLANG_WARN_BOOL_CONVERSION = YES;
				CLANG_WARN_COMMA = YES;
				CLANG_WARN_CONSTANT_CONVERSION = YES;
				CLANG_WARN_DEPRECATED_OBJC_IMPLEMENTATIONS = YES;
				CLANG_WARN_DIRECT_OBJC_ISA_USAGE = YES_ERROR;
				CLANG_WARN_DOCUMENTATION_COMMENTS = YES;
				CLANG_WARN_EMPTY_BODY = YES;
				CLANG_WARN_ENUM_CONVERSION = YES;
				CLANG_WARN_INFINITE_RECURSION = YES;
				CLANG_WARN_INT_CONVERSION = YES;
				CLANG_WARN_NON_LITERAL_NULL_CONVERSION = YES;
				CLANG_WARN_OBJC_IMPLICIT_RETAIN_SELF = YES;
				CLANG_WARN_OBJC_LITERAL_CONVERSION = YES;
				CLANG_WARN_OBJC_ROOT_CLASS = YES_ERROR;
				CLANG_WARN_RANGE_LOOP_ANALYSIS = YES;
				CLANG_WARN_STRICT_PROTOTYPES = YES;
				CLANG_WARN_SUSPICIOUS_MOVE = YES;
				CLANG_WARN_UNGUARDED_AVAILABILITY = YES_AGGRESSIVE;
				CLANG_WARN_UNREACHABLE_CODE = YES;
				CLANG_WARN__DUPLICATE_METHOD_MATCH = YES;
				CODE_SIGN_IDENTITY = "iPhone Developer";
				CODE_SIGN_STYLE = Manual;
				COPY_PHASE_STRIP = NO;
				DEBUG_INFORMATION_FORMAT = dwarf;
				DEVELOPMENT_TEAM = PXDF48X6VX;
				ENABLE_STRICT_OBJC_MSGSEND = YES;
				ENABLE_TESTABILITY = YES;
				GCC_C_LANGUAGE_STANDARD = gnu11;
				GCC_DYNAMIC_NO_PIC = NO;
				GCC_NO_COMMON_BLOCKS = YES;
				GCC_OPTIMIZATION_LEVEL = 0;
				GCC_PREPROCESSOR_DEFINITIONS = (
					"DEBUG=1",
					"$(inherited)",
				);
				GCC_WARN_64_TO_32_BIT_CONVERSION = YES;
				GCC_WARN_ABOUT_RETURN_TYPE = YES_ERROR;
				GCC_WARN_UNDECLARED_SELECTOR = YES;
				GCC_WARN_UNINITIALIZED_AUTOS = YES_AGGRESSIVE;
				GCC_WARN_UNUSED_FUNCTION = YES;
				GCC_WARN_UNUSED_VARIABLE = YES;
				INFOPLIST_FILE = "$(SRCROOT)/AssExample/Supporting files/Info.plist";
				IPHONEOS_DEPLOYMENT_TARGET = 12.1;
				LD_RUNPATH_SEARCH_PATHS = (
					"$(inherited)",
					"@executable_path/Frameworks",
				);
				MTL_ENABLE_DEBUG_INFO = INCLUDE_SOURCE;
				MTL_FAST_MATH = YES;
				ONLY_ACTIVE_ARCH = YES;
				PRODUCT_BUNDLE_IDENTIFIER = cz.ackee.enterprise.AssExample;
				PRODUCT_NAME = "$(TARGET_NAME)";
				PROVISIONING_PROFILE_SPECIFIER = "match Development cz.ackee.enterprise.*";
				SDKROOT = iphoneos;
				SWIFT_ACTIVE_COMPILATION_CONDITIONS = DEBUG;
				SWIFT_OPTIMIZATION_LEVEL = "-Onone";
				SWIFT_VERSION = 4.2;
				TARGETED_DEVICE_FAMILY = "1,2";
			};
			name = Debug;
		};
		69F1EBAF21A8995700DBB627 /* Release */ = {
			isa = XCBuildConfiguration;
			buildSettings = {
				ALWAYS_EMBED_SWIFT_STANDARD_LIBRARIES = YES;
				ALWAYS_SEARCH_USER_PATHS = NO;
				ASSETCATALOG_COMPILER_APPICON_NAME = AppIcon;
				CLANG_ANALYZER_NONNULL = YES;
				CLANG_ANALYZER_NUMBER_OBJECT_CONVERSION = YES_AGGRESSIVE;
				CLANG_CXX_LANGUAGE_STANDARD = "gnu++14";
				CLANG_CXX_LIBRARY = "libc++";
				CLANG_ENABLE_MODULES = YES;
				CLANG_ENABLE_OBJC_ARC = YES;
				CLANG_ENABLE_OBJC_WEAK = YES;
				CLANG_WARN_BLOCK_CAPTURE_AUTORELEASING = YES;
				CLANG_WARN_BOOL_CONVERSION = YES;
				CLANG_WARN_COMMA = YES;
				CLANG_WARN_CONSTANT_CONVERSION = YES;
				CLANG_WARN_DEPRECATED_OBJC_IMPLEMENTATIONS = YES;
				CLANG_WARN_DIRECT_OBJC_ISA_USAGE = YES_ERROR;
				CLANG_WARN_DOCUMENTATION_COMMENTS = YES;
				CLANG_WARN_EMPTY_BODY = YES;
				CLANG_WARN_ENUM_CONVERSION = YES;
				CLANG_WARN_INFINITE_RECURSION = YES;
				CLANG_WARN_INT_CONVERSION = YES;
				CLANG_WARN_NON_LITERAL_NULL_CONVERSION = YES;
				CLANG_WARN_OBJC_IMPLICIT_RETAIN_SELF = YES;
				CLANG_WARN_OBJC_LITERAL_CONVERSION = YES;
				CLANG_WARN_OBJC_ROOT_CLASS = YES_ERROR;
				CLANG_WARN_RANGE_LOOP_ANALYSIS = YES;
				CLANG_WARN_STRICT_PROTOTYPES = YES;
				CLANG_WARN_SUSPICIOUS_MOVE = YES;
				CLANG_WARN_UNGUARDED_AVAILABILITY = YES_AGGRESSIVE;
				CLANG_WARN_UNREACHABLE_CODE = YES;
				CLANG_WARN__DUPLICATE_METHOD_MATCH = YES;
				CODE_SIGN_IDENTITY = "iPhone Developer";
				CODE_SIGN_STYLE = Manual;
				COPY_PHASE_STRIP = NO;
				DEBUG_INFORMATION_FORMAT = "dwarf-with-dsym";
				DEVELOPMENT_TEAM = "";
				ENABLE_NS_ASSERTIONS = NO;
				ENABLE_STRICT_OBJC_MSGSEND = YES;
				GCC_C_LANGUAGE_STANDARD = gnu11;
				GCC_NO_COMMON_BLOCKS = YES;
				GCC_WARN_64_TO_32_BIT_CONVERSION = YES;
				GCC_WARN_ABOUT_RETURN_TYPE = YES_ERROR;
				GCC_WARN_UNDECLARED_SELECTOR = YES;
				GCC_WARN_UNINITIALIZED_AUTOS = YES_AGGRESSIVE;
				GCC_WARN_UNUSED_FUNCTION = YES;
				GCC_WARN_UNUSED_VARIABLE = YES;
				INFOPLIST_FILE = "$(SRCROOT)/AssExample/Supporting files/Info.plist";
				IPHONEOS_DEPLOYMENT_TARGET = 12.1;
				LD_RUNPATH_SEARCH_PATHS = (
					"$(inherited)",
					"@executable_path/Frameworks",
				);
				MTL_ENABLE_DEBUG_INFO = NO;
				MTL_FAST_MATH = YES;
				PRODUCT_BUNDLE_IDENTIFIER = cz.ackee.enterprise.AssExample;
				PRODUCT_NAME = "$(TARGET_NAME)";
				PROVISIONING_PROFILE_SPECIFIER = "";
				SDKROOT = iphoneos;
				SWIFT_COMPILATION_MODE = wholemodule;
				SWIFT_OPTIMIZATION_LEVEL = "-O";
				SWIFT_VERSION = 4.2;
				TARGETED_DEVICE_FAMILY = "1,2";
				VALIDATE_PRODUCT = YES;
			};
			name = Release;
		};
/* End XCBuildConfiguration section */

/* Begin XCConfigurationList section */
		69F1EB8921A898F200DBB627 /* Build configuration list for PBXProject "Ass" */ = {
			isa = XCConfigurationList;
			buildConfigurations = (
				69F1EB8A21A898F200DBB627 /* Debug */,
				69F1EB8B21A898F200DBB627 /* Release */,
			);
			defaultConfigurationIsVisible = 0;
			defaultConfigurationName = Release;
		};
		69F1EB9721A8992E00DBB627 /* Build configuration list for PBXNativeTarget "Ass" */ = {
			isa = XCConfigurationList;
			buildConfigurations = (
				69F1EB9821A8992E00DBB627 /* Debug */,
				69F1EB9921A8992E00DBB627 /* Release */,
			);
			defaultConfigurationIsVisible = 0;
			defaultConfigurationName = Release;
		};
		69F1EBAD21A8995700DBB627 /* Build configuration list for PBXNativeTarget "AssExample" */ = {
			isa = XCConfigurationList;
			buildConfigurations = (
				69F1EBAE21A8995700DBB627 /* Debug */,
				69F1EBAF21A8995700DBB627 /* Release */,
			);
			defaultConfigurationIsVisible = 0;
			defaultConfigurationName = Release;
		};
/* End XCConfigurationList section */
	};
	rootObject = 69F1EB8621A898F200DBB627 /* Project object */;
}
